// !$*UTF8*$!
{
	archiveVersion = 1;
	classes = {
	};
	objectVersion = 52;
	objects = {

/* Begin PBXBuildFile section */
		4C0CF5B024C6924800E0B4E6 /* SettingView.swift in Sources */ = {isa = PBXBuildFile; fileRef = 4C0CF5AF24C6924800E0B4E6 /* SettingView.swift */; };
		4C0CF5B624C69F9C00E0B4E6 /* AppEnvironment.swift in Sources */ = {isa = PBXBuildFile; fileRef = 4C0CF5B524C69F9C00E0B4E6 /* AppEnvironment.swift */; };
		4C0CF5B824C6A21A00E0B4E6 /* WKWebViewWrapper.swift in Sources */ = {isa = PBXBuildFile; fileRef = 4C0CF5B724C6A21A00E0B4E6 /* WKWebViewWrapper.swift */; };
		4C0CF5BA24C6BB7A00E0B4E6 /* WebView.swift in Sources */ = {isa = PBXBuildFile; fileRef = 4C0CF5B924C6BB7A00E0B4E6 /* WebView.swift */; };
		4C0CF5BF24C6EEC000E0B4E6 /* UserDefaultWrapper.swift in Sources */ = {isa = PBXBuildFile; fileRef = 4C0CF5BE24C6EEC000E0B4E6 /* UserDefaultWrapper.swift */; };
		4C0CF5C124C6F60600E0B4E6 /* SectionView.swift in Sources */ = {isa = PBXBuildFile; fileRef = 4C0CF5C024C6F60600E0B4E6 /* SectionView.swift */; };
		4C435B2324DA887E00D16ED7 /* BatchImportView.swift in Sources */ = {isa = PBXBuildFile; fileRef = 4C435B2224DA887E00D16ED7 /* BatchImportView.swift */; };
		4C435B2C24DC076500D16ED7 /* BatchImportViewModel.swift in Sources */ = {isa = PBXBuildFile; fileRef = 4C435B2B24DC076500D16ED7 /* BatchImportViewModel.swift */; };
		4C435B3424DC148D00D16ED7 /* rssTests.swift in Sources */ = {isa = PBXBuildFile; fileRef = 4C435B3324DC148D00D16ED7 /* rssTests.swift */; };
		4C435B3C24DC14B400D16ED7 /* BatchImportViewModelTests.swift in Sources */ = {isa = PBXBuildFile; fileRef = 4C435B3B24DC14B400D16ED7 /* BatchImportViewModelTests.swift */; };
		4C435B3D24DC151400D16ED7 /* DataSource.swift in Sources */ = {isa = PBXBuildFile; fileRef = 4CA04AC524B9D8E300521D0C /* DataSource.swift */; };
		4C435B3E24DC151400D16ED7 /* RSSItemDataSource.swift in Sources */ = {isa = PBXBuildFile; fileRef = 4CA04AC324B9D8C300521D0C /* RSSItemDataSource.swift */; };
		4C435B3F24DC151400D16ED7 /* RSSDataSource.swift in Sources */ = {isa = PBXBuildFile; fileRef = 4CA04ACA24B9DD7600521D0C /* RSSDataSource.swift */; };
		4C435B4024DC151400D16ED7 /* BatchImportViewModel.swift in Sources */ = {isa = PBXBuildFile; fileRef = 4C435B2B24DC076500D16ED7 /* BatchImportViewModel.swift */; };
		4C435B4124DC189A00D16ED7 /* DataSourceService.swift in Sources */ = {isa = PBXBuildFile; fileRef = 4C812FF424BF1D9B00CDD840 /* DataSourceService.swift */; };
		4C435B4224DC194500D16ED7 /* PersistenceManager.swift in Sources */ = {isa = PBXBuildFile; fileRef = 4CB5A00624A1E98D0052E80A /* PersistenceManager.swift */; };
		4C435B4324DC1DE700D16ED7 /* RSSItem+CoreDataClass.swift in Sources */ = {isa = PBXBuildFile; fileRef = 4C61EC7824C0C54E009674FC /* RSSItem+CoreDataClass.swift */; };
		4C435B4424DC1DE700D16ED7 /* RSSItem+CoreDataProperties.swift in Sources */ = {isa = PBXBuildFile; fileRef = 4C872FE024AA1C5100934910 /* RSSItem+CoreDataProperties.swift */; };
		4C435B4524DC1DE700D16ED7 /* RSS+CoreDataClass.swift in Sources */ = {isa = PBXBuildFile; fileRef = 4CB5A02124A1FD4E0052E80A /* RSS+CoreDataClass.swift */; };
		4C435B4624DC1DE700D16ED7 /* RSS+CoreDataProperties.swift in Sources */ = {isa = PBXBuildFile; fileRef = 4CB5A02224A1FD4E0052E80A /* RSS+CoreDataProperties.swift */; };
		4C435B4724DC1DE700D16ED7 /* ModelHelper.swift in Sources */ = {isa = PBXBuildFile; fileRef = 4C872FCD24A87AAB00934910 /* ModelHelper.swift */; };
		4C435B4824DC1E0900D16ED7 /* ManagedObjectContext.swift in Sources */ = {isa = PBXBuildFile; fileRef = 4CA04AC824B9DBC000521D0C /* ManagedObjectContext.swift */; };
		4C435B4924DC1E0900D16ED7 /* RSSError.swift in Sources */ = {isa = PBXBuildFile; fileRef = 4C872FD524A9F1B000934910 /* RSSError.swift */; };
		4C435B4A24DC1E2A00D16ED7 /* String+Ext.swift in Sources */ = {isa = PBXBuildFile; fileRef = 4CB18E4224A3578400F78F34 /* String+Ext.swift */; };
		4C435B4B24DC1E2A00D16ED7 /* Date+Ext.swift in Sources */ = {isa = PBXBuildFile; fileRef = 4CB18E4424A3591100F78F34 /* Date+Ext.swift */; };
		4C435B4D24DC524700D16ED7 /* DocumentPicker.swift in Sources */ = {isa = PBXBuildFile; fileRef = 4C435B4C24DC524600D16ED7 /* DocumentPicker.swift */; };
		4C435B4F24E0E22D00D16ED7 /* RoundRectangeButton.swift in Sources */ = {isa = PBXBuildFile; fileRef = 4C435B4E24E0E22D00D16ED7 /* RoundRectangeButton.swift */; };
		4C435B5124E0E7B500D16ED7 /* DataNStorageView.swift in Sources */ = {isa = PBXBuildFile; fileRef = 4C435B5024E0E7B500D16ED7 /* DataNStorageView.swift */; };
		4C435B5324E0E8DC00D16ED7 /* DataUnitView.swift in Sources */ = {isa = PBXBuildFile; fileRef = 4C435B5224E0E8DC00D16ED7 /* DataUnitView.swift */; };
		4C435B5524E0F71A00D16ED7 /* DataNStorageViewModel.swift in Sources */ = {isa = PBXBuildFile; fileRef = 4C435B5424E0F71A00D16ED7 /* DataNStorageViewModel.swift */; };
		4C435B5724E11FC900D16ED7 /* Color+Ext.swift in Sources */ = {isa = PBXBuildFile; fileRef = 4C435B5624E11FC900D16ED7 /* Color+Ext.swift */; };
		4C435B5924E124CE00D16ED7 /* LinerProgressBar.swift in Sources */ = {isa = PBXBuildFile; fileRef = 4C435B5824E124CE00D16ED7 /* LinerProgressBar.swift */; };
		4C435B5B24E1B71F00D16ED7 /* TextView.swift in Sources */ = {isa = PBXBuildFile; fileRef = 4C435B5A24E1B71F00D16ED7 /* TextView.swift */; };
		4C46675824D00F1D007DFD2C /* ProgressBar.swift in Sources */ = {isa = PBXBuildFile; fileRef = 4C46675724D00F1D007DFD2C /* ProgressBar.swift */; };
		4C488D6424BCB81F00406700 /* ImageServices.swift in Sources */ = {isa = PBXBuildFile; fileRef = 4C488D6324BCB81F00406700 /* ImageServices.swift */; };
		4C488D7024BEA58300406700 /* ActionContextMenu.swift in Sources */ = {isa = PBXBuildFile; fileRef = 4C488D6F24BEA58300406700 /* ActionContextMenu.swift */; };
		4C488D7224BEA8F100406700 /* ArchiveListView.swift in Sources */ = {isa = PBXBuildFile; fileRef = 4C488D7124BEA8F100406700 /* ArchiveListView.swift */; };
		4C488D7424BEAAD200406700 /* ArchiveListViewModel.swift in Sources */ = {isa = PBXBuildFile; fileRef = 4C488D7324BEAAD200406700 /* ArchiveListViewModel.swift */; };
		4C61EC7924C0C54E009674FC /* RSSItem+CoreDataClass.swift in Sources */ = {isa = PBXBuildFile; fileRef = 4C61EC7824C0C54E009674FC /* RSSItem+CoreDataClass.swift */; };
		4C812FF124BF119200CDD840 /* AddRSSViewModel.swift in Sources */ = {isa = PBXBuildFile; fileRef = 4C812FF024BF119200CDD840 /* AddRSSViewModel.swift */; };
		4C812FF524BF1D9B00CDD840 /* DataSourceService.swift in Sources */ = {isa = PBXBuildFile; fileRef = 4C812FF424BF1D9B00CDD840 /* DataSourceService.swift */; };
		4C872FCE24A87AAB00934910 /* ModelHelper.swift in Sources */ = {isa = PBXBuildFile; fileRef = 4C872FCD24A87AAB00934910 /* ModelHelper.swift */; };
		4C872FD024A9E48400934910 /* Request.swift in Sources */ = {isa = PBXBuildFile; fileRef = 4C872FCF24A9E48400934910 /* Request.swift */; };
		4C872FD624A9F1B000934910 /* RSSError.swift in Sources */ = {isa = PBXBuildFile; fileRef = 4C872FD524A9F1B000934910 /* RSSError.swift */; };
		4C872FD824A9F72200934910 /* RSSItemStore.swift in Sources */ = {isa = PBXBuildFile; fileRef = 4C872FD724A9F72200934910 /* RSSItemStore.swift */; };
		4C872FE224AA1C5100934910 /* RSSItem+CoreDataProperties.swift in Sources */ = {isa = PBXBuildFile; fileRef = 4C872FE024AA1C5100934910 /* RSSItem+CoreDataProperties.swift */; };
		4C9A3FED24A04D2A00AAEF0D /* AppDelegate.swift in Sources */ = {isa = PBXBuildFile; fileRef = 4C9A3FEC24A04D2A00AAEF0D /* AppDelegate.swift */; };
		4C9A3FEF24A04D2A00AAEF0D /* SceneDelegate.swift in Sources */ = {isa = PBXBuildFile; fileRef = 4C9A3FEE24A04D2A00AAEF0D /* SceneDelegate.swift */; };
		4C9A3FF424A04D2A00AAEF0D /* HomeView.swift in Sources */ = {isa = PBXBuildFile; fileRef = 4C9A3FF324A04D2A00AAEF0D /* HomeView.swift */; };
		4C9A3FF624A04D2C00AAEF0D /* Assets.xcassets in Resources */ = {isa = PBXBuildFile; fileRef = 4C9A3FF524A04D2C00AAEF0D /* Assets.xcassets */; };
		4C9A3FF924A04D2C00AAEF0D /* Preview Assets.xcassets in Resources */ = {isa = PBXBuildFile; fileRef = 4C9A3FF824A04D2C00AAEF0D /* Preview Assets.xcassets */; };
		4C9A3FFC24A04D2C00AAEF0D /* LaunchScreen.storyboard in Resources */ = {isa = PBXBuildFile; fileRef = 4C9A3FFA24A04D2C00AAEF0D /* LaunchScreen.storyboard */; };
		4C9A400524A04FE300AAEF0D /* AddRSSView.swift in Sources */ = {isa = PBXBuildFile; fileRef = 4C9A400424A04FE300AAEF0D /* AddRSSView.swift */; };
		4C9A400824A0503400AAEF0D /* TextFieldView.swift in Sources */ = {isa = PBXBuildFile; fileRef = 4C9A400724A0503400AAEF0D /* TextFieldView.swift */; };
		4C9A414224A1B5A300AAEF0D /* RSSListView.swift in Sources */ = {isa = PBXBuildFile; fileRef = 4C9A414124A1B5A300AAEF0D /* RSSListView.swift */; };
		4CA04A7F24ADED0F00521D0C /* RSSDisplayView.swift in Sources */ = {isa = PBXBuildFile; fileRef = 4CA04A7E24ADED0F00521D0C /* RSSDisplayView.swift */; };
		4CA04AC424B9D8C300521D0C /* RSSItemDataSource.swift in Sources */ = {isa = PBXBuildFile; fileRef = 4CA04AC324B9D8C300521D0C /* RSSItemDataSource.swift */; };
		4CA04AC624B9D8E300521D0C /* DataSource.swift in Sources */ = {isa = PBXBuildFile; fileRef = 4CA04AC524B9D8E300521D0C /* DataSource.swift */; };
		4CA04AC924B9DBC000521D0C /* ManagedObjectContext.swift in Sources */ = {isa = PBXBuildFile; fileRef = 4CA04AC824B9DBC000521D0C /* ManagedObjectContext.swift */; };
		4CA04ACB24B9DD7600521D0C /* RSSDataSource.swift in Sources */ = {isa = PBXBuildFile; fileRef = 4CA04ACA24B9DD7600521D0C /* RSSDataSource.swift */; };
		4CA04AD324BAED0300521D0C /* RSSFeedViewModel.swift in Sources */ = {isa = PBXBuildFile; fileRef = 4CA04AD224BAED0200521D0C /* RSSFeedViewModel.swift */; };
		4CB18E4024A3485B00F78F34 /* RSSFeedRow.swift in Sources */ = {isa = PBXBuildFile; fileRef = 4CB18E3F24A3485B00F78F34 /* RSSFeedRow.swift */; };
		4CB18E4324A3578400F78F34 /* String+Ext.swift in Sources */ = {isa = PBXBuildFile; fileRef = 4CB18E4224A3578400F78F34 /* String+Ext.swift */; };
		4CB18E4524A3591100F78F34 /* Date+Ext.swift in Sources */ = {isa = PBXBuildFile; fileRef = 4CB18E4424A3591100F78F34 /* Date+Ext.swift */; };
		4CB5A00224A1E4CB0052E80A /* FeedKit in Frameworks */ = {isa = PBXBuildFile; productRef = 4CB5A00124A1E4CB0052E80A /* FeedKit */; };
		4CB5A00724A1E98D0052E80A /* PersistenceManager.swift in Sources */ = {isa = PBXBuildFile; fileRef = 4CB5A00624A1E98D0052E80A /* PersistenceManager.swift */; };
		4CB5A00924A1E9C50052E80A /* RSSStore.swift in Sources */ = {isa = PBXBuildFile; fileRef = 4CB5A00824A1E9C50052E80A /* RSSStore.swift */; };
		4CB5A01024A1EE0B0052E80A /* RSSRow.swift in Sources */ = {isa = PBXBuildFile; fileRef = 4CB5A00F24A1EE0B0052E80A /* RSSRow.swift */; };
		4CB5A02024A1FCFA0052E80A /* RSS.xcdatamodeld in Sources */ = {isa = PBXBuildFile; fileRef = 4CB5A01924A1FC460052E80A /* RSS.xcdatamodeld */; };
		4CB5A02324A1FD4E0052E80A /* RSS+CoreDataClass.swift in Sources */ = {isa = PBXBuildFile; fileRef = 4CB5A02124A1FD4E0052E80A /* RSS+CoreDataClass.swift */; };
		4CB5A02424A1FD4E0052E80A /* RSS+CoreDataProperties.swift in Sources */ = {isa = PBXBuildFile; fileRef = 4CB5A02224A1FD4E0052E80A /* RSS+CoreDataProperties.swift */; };
		4CB5A02924A268DF0052E80A /* RSSFeedListView.swift in Sources */ = {isa = PBXBuildFile; fileRef = 4CB5A02824A268DF0052E80A /* RSSFeedListView.swift */; };
		4CB5A02B24A26DE10052E80A /* SafariView.swift in Sources */ = {isa = PBXBuildFile; fileRef = 4CB5A02A24A26DE10052E80A /* SafariView.swift */; };
		4CC6A6D124F614C900C88809 /* OPMLParser.swift in Sources */ = {isa = PBXBuildFile; fileRef = 4CC6A6D024F614C900C88809 /* OPMLParser.swift */; };
		4CC6A6D324F617CA00C88809 /* OPMLParserTests.swift in Sources */ = {isa = PBXBuildFile; fileRef = 4CC6A6D224F617CA00C88809 /* OPMLParserTests.swift */; };
		4CC6A6D624F6183200C88809 /* Subscriptions-test.opml in Resources */ = {isa = PBXBuildFile; fileRef = 4CC6A6D524F6183200C88809 /* Subscriptions-test.opml */; };
		4CC6A6D724F61A5D00C88809 /* Request.swift in Sources */ = {isa = PBXBuildFile; fileRef = 4C872FCF24A9E48400934910 /* Request.swift */; };
		4CC6A6D824F631BD00C88809 /* OPMLParser.swift in Sources */ = {isa = PBXBuildFile; fileRef = 4CC6A6D024F614C900C88809 /* OPMLParser.swift */; };
		4CC6A6E724F6404300C88809 /* DateSpec.swift in Sources */ = {isa = PBXBuildFile; fileRef = 4CC6A6E324F6404200C88809 /* DateSpec.swift */; };
		4CC6A6E824F6404300C88809 /* RFC3339DateFormatter.swift in Sources */ = {isa = PBXBuildFile; fileRef = 4CC6A6E424F6404200C88809 /* RFC3339DateFormatter.swift */; };
		4CC6A6E924F6404300C88809 /* RFC822DateFormatter.swift in Sources */ = {isa = PBXBuildFile; fileRef = 4CC6A6E524F6404200C88809 /* RFC822DateFormatter.swift */; };
		4CC6A6EA24F6404300C88809 /* ISO8601DateFormatter.swift in Sources */ = {isa = PBXBuildFile; fileRef = 4CC6A6E624F6404200C88809 /* ISO8601DateFormatter.swift */; };
		4CC6A6EB24F6406600C88809 /* RFC3339DateFormatter.swift in Sources */ = {isa = PBXBuildFile; fileRef = 4CC6A6E424F6404200C88809 /* RFC3339DateFormatter.swift */; };
		4CC6A6EC24F6406600C88809 /* RFC822DateFormatter.swift in Sources */ = {isa = PBXBuildFile; fileRef = 4CC6A6E524F6404200C88809 /* RFC822DateFormatter.swift */; };
		4CC6A6ED24F6406600C88809 /* ISO8601DateFormatter.swift in Sources */ = {isa = PBXBuildFile; fileRef = 4CC6A6E624F6404200C88809 /* ISO8601DateFormatter.swift */; };
		4CC6A6EE24F6406D00C88809 /* DateSpec.swift in Sources */ = {isa = PBXBuildFile; fileRef = 4CC6A6E324F6404200C88809 /* DateSpec.swift */; };
		4CC6A6F024F643A900C88809 /* Subscriptions-test2.opml in Resources */ = {isa = PBXBuildFile; fileRef = 4CC6A6EF24F643A900C88809 /* Subscriptions-test2.opml */; };
		4CE833F524C2DBAB00A911F1 /* RSSListViewModel.swift in Sources */ = {isa = PBXBuildFile; fileRef = 4CE833F424C2DBAB00A911F1 /* RSSListViewModel.swift */; };
/* End PBXBuildFile section */

/* Begin PBXContainerItemProxy section */
		4C435B3624DC148D00D16ED7 /* PBXContainerItemProxy */ = {
			isa = PBXContainerItemProxy;
			containerPortal = 4C9A3FE124A04D2A00AAEF0D /* Project object */;
			proxyType = 1;
			remoteGlobalIDString = 4C9A3FE824A04D2A00AAEF0D;
			remoteInfo = rss;
		};
/* End PBXContainerItemProxy section */

/* Begin PBXFileReference section */
		4C0CF5AF24C6924800E0B4E6 /* SettingView.swift */ = {isa = PBXFileReference; lastKnownFileType = sourcecode.swift; path = SettingView.swift; sourceTree = "<group>"; };
		4C0CF5B524C69F9C00E0B4E6 /* AppEnvironment.swift */ = {isa = PBXFileReference; lastKnownFileType = sourcecode.swift; path = AppEnvironment.swift; sourceTree = "<group>"; };
		4C0CF5B724C6A21A00E0B4E6 /* WKWebViewWrapper.swift */ = {isa = PBXFileReference; lastKnownFileType = sourcecode.swift; path = WKWebViewWrapper.swift; sourceTree = "<group>"; };
		4C0CF5B924C6BB7A00E0B4E6 /* WebView.swift */ = {isa = PBXFileReference; lastKnownFileType = sourcecode.swift; path = WebView.swift; sourceTree = "<group>"; };
		4C0CF5BE24C6EEC000E0B4E6 /* UserDefaultWrapper.swift */ = {isa = PBXFileReference; lastKnownFileType = sourcecode.swift; path = UserDefaultWrapper.swift; sourceTree = "<group>"; };
		4C0CF5C024C6F60600E0B4E6 /* SectionView.swift */ = {isa = PBXFileReference; lastKnownFileType = sourcecode.swift; path = SectionView.swift; sourceTree = "<group>"; };
		4C435B2224DA887E00D16ED7 /* BatchImportView.swift */ = {isa = PBXFileReference; lastKnownFileType = sourcecode.swift; path = BatchImportView.swift; sourceTree = "<group>"; };
		4C435B2B24DC076500D16ED7 /* BatchImportViewModel.swift */ = {isa = PBXFileReference; lastKnownFileType = sourcecode.swift; path = BatchImportViewModel.swift; sourceTree = "<group>"; };
		4C435B3124DC148D00D16ED7 /* rssTests.xctest */ = {isa = PBXFileReference; explicitFileType = wrapper.cfbundle; includeInIndex = 0; path = rssTests.xctest; sourceTree = BUILT_PRODUCTS_DIR; };
		4C435B3324DC148D00D16ED7 /* rssTests.swift */ = {isa = PBXFileReference; lastKnownFileType = sourcecode.swift; path = rssTests.swift; sourceTree = "<group>"; };
		4C435B3524DC148D00D16ED7 /* Info.plist */ = {isa = PBXFileReference; lastKnownFileType = text.plist.xml; path = Info.plist; sourceTree = "<group>"; };
		4C435B3B24DC14B400D16ED7 /* BatchImportViewModelTests.swift */ = {isa = PBXFileReference; lastKnownFileType = sourcecode.swift; path = BatchImportViewModelTests.swift; sourceTree = "<group>"; };
		4C435B4C24DC524600D16ED7 /* DocumentPicker.swift */ = {isa = PBXFileReference; lastKnownFileType = sourcecode.swift; path = DocumentPicker.swift; sourceTree = "<group>"; };
		4C435B4E24E0E22D00D16ED7 /* RoundRectangeButton.swift */ = {isa = PBXFileReference; lastKnownFileType = sourcecode.swift; path = RoundRectangeButton.swift; sourceTree = "<group>"; };
		4C435B5024E0E7B500D16ED7 /* DataNStorageView.swift */ = {isa = PBXFileReference; lastKnownFileType = sourcecode.swift; path = DataNStorageView.swift; sourceTree = "<group>"; };
		4C435B5224E0E8DC00D16ED7 /* DataUnitView.swift */ = {isa = PBXFileReference; lastKnownFileType = sourcecode.swift; path = DataUnitView.swift; sourceTree = "<group>"; };
		4C435B5424E0F71A00D16ED7 /* DataNStorageViewModel.swift */ = {isa = PBXFileReference; lastKnownFileType = sourcecode.swift; path = DataNStorageViewModel.swift; sourceTree = "<group>"; };
		4C435B5624E11FC900D16ED7 /* Color+Ext.swift */ = {isa = PBXFileReference; lastKnownFileType = sourcecode.swift; path = "Color+Ext.swift"; sourceTree = "<group>"; };
		4C435B5824E124CE00D16ED7 /* LinerProgressBar.swift */ = {isa = PBXFileReference; lastKnownFileType = sourcecode.swift; path = LinerProgressBar.swift; sourceTree = "<group>"; };
		4C435B5A24E1B71F00D16ED7 /* TextView.swift */ = {isa = PBXFileReference; lastKnownFileType = sourcecode.swift; path = TextView.swift; sourceTree = "<group>"; };
		4C46675724D00F1D007DFD2C /* ProgressBar.swift */ = {isa = PBXFileReference; lastKnownFileType = sourcecode.swift; path = ProgressBar.swift; sourceTree = "<group>"; };
		4C488D6324BCB81F00406700 /* ImageServices.swift */ = {isa = PBXFileReference; lastKnownFileType = sourcecode.swift; path = ImageServices.swift; sourceTree = "<group>"; };
		4C488D6524BDA0BD00406700 /* rss.entitlements */ = {isa = PBXFileReference; lastKnownFileType = text.plist.entitlements; path = rss.entitlements; sourceTree = "<group>"; };
		4C488D6F24BEA58300406700 /* ActionContextMenu.swift */ = {isa = PBXFileReference; lastKnownFileType = sourcecode.swift; path = ActionContextMenu.swift; sourceTree = "<group>"; };
		4C488D7124BEA8F100406700 /* ArchiveListView.swift */ = {isa = PBXFileReference; lastKnownFileType = sourcecode.swift; path = ArchiveListView.swift; sourceTree = "<group>"; };
		4C488D7324BEAAD200406700 /* ArchiveListViewModel.swift */ = {isa = PBXFileReference; lastKnownFileType = sourcecode.swift; path = ArchiveListViewModel.swift; sourceTree = "<group>"; };
		4C61EC7824C0C54E009674FC /* RSSItem+CoreDataClass.swift */ = {isa = PBXFileReference; fileEncoding = 4; lastKnownFileType = sourcecode.swift; path = "RSSItem+CoreDataClass.swift"; sourceTree = "<group>"; };
		4C812FF024BF119200CDD840 /* AddRSSViewModel.swift */ = {isa = PBXFileReference; lastKnownFileType = sourcecode.swift; path = AddRSSViewModel.swift; sourceTree = "<group>"; };
		4C812FF424BF1D9B00CDD840 /* DataSourceService.swift */ = {isa = PBXFileReference; lastKnownFileType = sourcecode.swift; path = DataSourceService.swift; sourceTree = "<group>"; };
		4C872FCD24A87AAB00934910 /* ModelHelper.swift */ = {isa = PBXFileReference; lastKnownFileType = sourcecode.swift; path = ModelHelper.swift; sourceTree = "<group>"; };
		4C872FCF24A9E48400934910 /* Request.swift */ = {isa = PBXFileReference; lastKnownFileType = sourcecode.swift; path = Request.swift; sourceTree = "<group>"; };
		4C872FD524A9F1B000934910 /* RSSError.swift */ = {isa = PBXFileReference; lastKnownFileType = sourcecode.swift; path = RSSError.swift; sourceTree = "<group>"; };
		4C872FD724A9F72200934910 /* RSSItemStore.swift */ = {isa = PBXFileReference; lastKnownFileType = sourcecode.swift; path = RSSItemStore.swift; sourceTree = "<group>"; };
		4C872FE024AA1C5100934910 /* RSSItem+CoreDataProperties.swift */ = {isa = PBXFileReference; lastKnownFileType = sourcecode.swift; path = "RSSItem+CoreDataProperties.swift"; sourceTree = "<group>"; };
		4C9A3FE924A04D2A00AAEF0D /* rss.app */ = {isa = PBXFileReference; explicitFileType = wrapper.application; includeInIndex = 0; path = rss.app; sourceTree = BUILT_PRODUCTS_DIR; };
		4C9A3FEC24A04D2A00AAEF0D /* AppDelegate.swift */ = {isa = PBXFileReference; lastKnownFileType = sourcecode.swift; path = AppDelegate.swift; sourceTree = "<group>"; };
		4C9A3FEE24A04D2A00AAEF0D /* SceneDelegate.swift */ = {isa = PBXFileReference; lastKnownFileType = sourcecode.swift; path = SceneDelegate.swift; sourceTree = "<group>"; };
		4C9A3FF324A04D2A00AAEF0D /* HomeView.swift */ = {isa = PBXFileReference; lastKnownFileType = sourcecode.swift; path = HomeView.swift; sourceTree = "<group>"; };
		4C9A3FF524A04D2C00AAEF0D /* Assets.xcassets */ = {isa = PBXFileReference; lastKnownFileType = folder.assetcatalog; path = Assets.xcassets; sourceTree = "<group>"; };
		4C9A3FF824A04D2C00AAEF0D /* Preview Assets.xcassets */ = {isa = PBXFileReference; lastKnownFileType = folder.assetcatalog; path = "Preview Assets.xcassets"; sourceTree = "<group>"; };
		4C9A3FFB24A04D2C00AAEF0D /* Base */ = {isa = PBXFileReference; lastKnownFileType = file.storyboard; name = Base; path = Base.lproj/LaunchScreen.storyboard; sourceTree = "<group>"; };
		4C9A3FFD24A04D2C00AAEF0D /* Info.plist */ = {isa = PBXFileReference; lastKnownFileType = text.plist.xml; path = Info.plist; sourceTree = "<group>"; };
		4C9A400424A04FE300AAEF0D /* AddRSSView.swift */ = {isa = PBXFileReference; lastKnownFileType = sourcecode.swift; path = AddRSSView.swift; sourceTree = "<group>"; };
		4C9A400724A0503400AAEF0D /* TextFieldView.swift */ = {isa = PBXFileReference; lastKnownFileType = sourcecode.swift; path = TextFieldView.swift; sourceTree = "<group>"; };
		4C9A414124A1B5A300AAEF0D /* RSSListView.swift */ = {isa = PBXFileReference; lastKnownFileType = sourcecode.swift; path = RSSListView.swift; sourceTree = "<group>"; };
		4CA04A7E24ADED0F00521D0C /* RSSDisplayView.swift */ = {isa = PBXFileReference; lastKnownFileType = sourcecode.swift; path = RSSDisplayView.swift; sourceTree = "<group>"; };
		4CA04AC324B9D8C300521D0C /* RSSItemDataSource.swift */ = {isa = PBXFileReference; lastKnownFileType = sourcecode.swift; path = RSSItemDataSource.swift; sourceTree = "<group>"; };
		4CA04AC524B9D8E300521D0C /* DataSource.swift */ = {isa = PBXFileReference; lastKnownFileType = sourcecode.swift; path = DataSource.swift; sourceTree = "<group>"; };
		4CA04AC824B9DBC000521D0C /* ManagedObjectContext.swift */ = {isa = PBXFileReference; lastKnownFileType = sourcecode.swift; path = ManagedObjectContext.swift; sourceTree = "<group>"; };
		4CA04ACA24B9DD7600521D0C /* RSSDataSource.swift */ = {isa = PBXFileReference; lastKnownFileType = sourcecode.swift; path = RSSDataSource.swift; sourceTree = "<group>"; };
		4CA04AD224BAED0200521D0C /* RSSFeedViewModel.swift */ = {isa = PBXFileReference; lastKnownFileType = sourcecode.swift; path = RSSFeedViewModel.swift; sourceTree = "<group>"; };
		4CB18E3F24A3485B00F78F34 /* RSSFeedRow.swift */ = {isa = PBXFileReference; lastKnownFileType = sourcecode.swift; path = RSSFeedRow.swift; sourceTree = "<group>"; };
		4CB18E4224A3578400F78F34 /* String+Ext.swift */ = {isa = PBXFileReference; lastKnownFileType = sourcecode.swift; path = "String+Ext.swift"; sourceTree = "<group>"; };
		4CB18E4424A3591100F78F34 /* Date+Ext.swift */ = {isa = PBXFileReference; lastKnownFileType = sourcecode.swift; path = "Date+Ext.swift"; sourceTree = "<group>"; };
		4CB5A00624A1E98D0052E80A /* PersistenceManager.swift */ = {isa = PBXFileReference; lastKnownFileType = sourcecode.swift; path = PersistenceManager.swift; sourceTree = "<group>"; };
		4CB5A00824A1E9C50052E80A /* RSSStore.swift */ = {isa = PBXFileReference; lastKnownFileType = sourcecode.swift; path = RSSStore.swift; sourceTree = "<group>"; };
		4CB5A00F24A1EE0B0052E80A /* RSSRow.swift */ = {isa = PBXFileReference; lastKnownFileType = sourcecode.swift; path = RSSRow.swift; sourceTree = "<group>"; };
		4CB5A01A24A1FC460052E80A /* RSS.xcdatamodel */ = {isa = PBXFileReference; lastKnownFileType = wrapper.xcdatamodel; path = RSS.xcdatamodel; sourceTree = "<group>"; };
		4CB5A02124A1FD4E0052E80A /* RSS+CoreDataClass.swift */ = {isa = PBXFileReference; lastKnownFileType = sourcecode.swift; path = "RSS+CoreDataClass.swift"; sourceTree = "<group>"; };
		4CB5A02224A1FD4E0052E80A /* RSS+CoreDataProperties.swift */ = {isa = PBXFileReference; lastKnownFileType = sourcecode.swift; path = "RSS+CoreDataProperties.swift"; sourceTree = "<group>"; };
		4CB5A02824A268DF0052E80A /* RSSFeedListView.swift */ = {isa = PBXFileReference; lastKnownFileType = sourcecode.swift; path = RSSFeedListView.swift; sourceTree = "<group>"; };
		4CB5A02A24A26DE10052E80A /* SafariView.swift */ = {isa = PBXFileReference; lastKnownFileType = sourcecode.swift; path = SafariView.swift; sourceTree = "<group>"; };
		4CC6A6D024F614C900C88809 /* OPMLParser.swift */ = {isa = PBXFileReference; lastKnownFileType = sourcecode.swift; path = OPMLParser.swift; sourceTree = "<group>"; };
		4CC6A6D224F617CA00C88809 /* OPMLParserTests.swift */ = {isa = PBXFileReference; lastKnownFileType = sourcecode.swift; path = OPMLParserTests.swift; sourceTree = "<group>"; };
		4CC6A6D524F6183200C88809 /* Subscriptions-test.opml */ = {isa = PBXFileReference; fileEncoding = 4; lastKnownFileType = text.xml; path = "Subscriptions-test.opml"; sourceTree = "<group>"; };
		4CC6A6E324F6404200C88809 /* DateSpec.swift */ = {isa = PBXFileReference; fileEncoding = 4; lastKnownFileType = sourcecode.swift; path = DateSpec.swift; sourceTree = "<group>"; };
		4CC6A6E424F6404200C88809 /* RFC3339DateFormatter.swift */ = {isa = PBXFileReference; fileEncoding = 4; lastKnownFileType = sourcecode.swift; path = RFC3339DateFormatter.swift; sourceTree = "<group>"; };
		4CC6A6E524F6404200C88809 /* RFC822DateFormatter.swift */ = {isa = PBXFileReference; fileEncoding = 4; lastKnownFileType = sourcecode.swift; path = RFC822DateFormatter.swift; sourceTree = "<group>"; };
		4CC6A6E624F6404200C88809 /* ISO8601DateFormatter.swift */ = {isa = PBXFileReference; fileEncoding = 4; lastKnownFileType = sourcecode.swift; path = ISO8601DateFormatter.swift; sourceTree = "<group>"; };
		4CC6A6EF24F643A900C88809 /* Subscriptions-test2.opml */ = {isa = PBXFileReference; fileEncoding = 4; lastKnownFileType = text.xml; path = "Subscriptions-test2.opml"; sourceTree = "<group>"; };
		4CE833F424C2DBAB00A911F1 /* RSSListViewModel.swift */ = {isa = PBXFileReference; lastKnownFileType = sourcecode.swift; path = RSSListViewModel.swift; sourceTree = "<group>"; };
/* End PBXFileReference section */

/* Begin PBXFrameworksBuildPhase section */
		4C435B2E24DC148D00D16ED7 /* Frameworks */ = {
			isa = PBXFrameworksBuildPhase;
			buildActionMask = 2147483647;
			files = (
			);
			runOnlyForDeploymentPostprocessing = 0;
		};
		4C9A3FE624A04D2A00AAEF0D /* Frameworks */ = {
			isa = PBXFrameworksBuildPhase;
			buildActionMask = 2147483647;
			files = (
				4CB5A00224A1E4CB0052E80A /* FeedKit in Frameworks */,
			);
			runOnlyForDeploymentPostprocessing = 0;
		};
/* End PBXFrameworksBuildPhase section */

/* Begin PBXGroup section */
		4C0CF57B24C578AD00E0B4E6 /* Setting */ = {
			isa = PBXGroup;
			children = (
				4C0CF5AF24C6924800E0B4E6 /* SettingView.swift */,
				4C435B5224E0E8DC00D16ED7 /* DataUnitView.swift */,
				4C435B5024E0E7B500D16ED7 /* DataNStorageView.swift */,
				4C435B5424E0F71A00D16ED7 /* DataNStorageViewModel.swift */,
				4C435B2224DA887E00D16ED7 /* BatchImportView.swift */,
				4C435B2B24DC076500D16ED7 /* BatchImportViewModel.swift */,
			);
			path = Setting;
			sourceTree = "<group>";
		};
		4C0CF5BD24C6EE9100E0B4E6 /* Wrapper */ = {
			isa = PBXGroup;
			children = (
				4C0CF5BE24C6EEC000E0B4E6 /* UserDefaultWrapper.swift */,
			);
			path = Wrapper;
			sourceTree = "<group>";
		};
		4C435B3224DC148D00D16ED7 /* rssTests */ = {
			isa = PBXGroup;
			children = (
				4CC6A6D424F6180E00C88809 /* Support Files */,
				4C435B3324DC148D00D16ED7 /* rssTests.swift */,
				4C435B3B24DC14B400D16ED7 /* BatchImportViewModelTests.swift */,
				4CC6A6D224F617CA00C88809 /* OPMLParserTests.swift */,
				4C435B3524DC148D00D16ED7 /* Info.plist */,
			);
			path = rssTests;
			sourceTree = "<group>";
		};
		4C488D6224BCB80F00406700 /* Services */ = {
			isa = PBXGroup;
			children = (
				4C488D6324BCB81F00406700 /* ImageServices.swift */,
				4C812FF424BF1D9B00CDD840 /* DataSourceService.swift */,
				4C872FCF24A9E48400934910 /* Request.swift */,
				4C0CF5B524C69F9C00E0B4E6 /* AppEnvironment.swift */,
				4CC6A6D024F614C900C88809 /* OPMLParser.swift */,
			);
			path = Services;
			sourceTree = "<group>";
		};
		4C812FF924C0BB8300CDD840 /* RSS */ = {
			isa = PBXGroup;
			children = (
				4C9A414124A1B5A300AAEF0D /* RSSListView.swift */,
				4CE833F424C2DBAB00A911F1 /* RSSListViewModel.swift */,
				4CB5A00F24A1EE0B0052E80A /* RSSRow.swift */,
				4C812FF024BF119200CDD840 /* AddRSSViewModel.swift */,
				4C9A400424A04FE300AAEF0D /* AddRSSView.swift */,
				4CA04A7E24ADED0F00521D0C /* RSSDisplayView.swift */,
			);
			path = RSS;
			sourceTree = "<group>";
		};
		4C812FFA24C0BB8300CDD840 /* Archive */ = {
			isa = PBXGroup;
			children = (
				4C488D7124BEA8F100406700 /* ArchiveListView.swift */,
				4C488D7324BEAAD200406700 /* ArchiveListViewModel.swift */,
			);
			path = Archive;
			sourceTree = "<group>";
		};
		4C812FFB24C0BB8300CDD840 /* RSSFeed */ = {
			isa = PBXGroup;
			children = (
				4C0CF5B924C6BB7A00E0B4E6 /* WebView.swift */,
				4CB5A02824A268DF0052E80A /* RSSFeedListView.swift */,
				4CB18E3F24A3485B00F78F34 /* RSSFeedRow.swift */,
				4CA04AD224BAED0200521D0C /* RSSFeedViewModel.swift */,
			);
			path = RSSFeed;
			sourceTree = "<group>";
		};
		4C9A3FE024A04D2A00AAEF0D = {
			isa = PBXGroup;
			children = (
				4C9A3FEB24A04D2A00AAEF0D /* rss */,
				4C435B3224DC148D00D16ED7 /* rssTests */,
				4C9A3FEA24A04D2A00AAEF0D /* Products */,
				4C9A413E24A05CA800AAEF0D /* Frameworks */,
			);
			sourceTree = "<group>";
		};
		4C9A3FEA24A04D2A00AAEF0D /* Products */ = {
			isa = PBXGroup;
			children = (
				4C9A3FE924A04D2A00AAEF0D /* rss.app */,
				4C435B3124DC148D00D16ED7 /* rssTests.xctest */,
			);
			name = Products;
			sourceTree = "<group>";
		};
		4C9A3FEB24A04D2A00AAEF0D /* rss */ = {
			isa = PBXGroup;
			children = (
				4C488D6524BDA0BD00406700 /* rss.entitlements */,
				4C0CF5BD24C6EE9100E0B4E6 /* Wrapper */,
				4C488D6224BCB80F00406700 /* Services */,
				4CA04AC724B9DBA000521D0C /* Extension */,
				4CA04AC224B9D89F00521D0C /* DataSources */,
				4CB5A00A24A1E9F50052E80A /* Models */,
				4CB5A00524A1E96A0052E80A /* Persistence */,
				4C9A400624A0501B00AAEF0D /* CommonViews */,
				4C9A400324A04DD100AAEF0D /* Views */,
				4C9A3FEC24A04D2A00AAEF0D /* AppDelegate.swift */,
				4C9A3FEE24A04D2A00AAEF0D /* SceneDelegate.swift */,
				4C9A3FF524A04D2C00AAEF0D /* Assets.xcassets */,
				4C9A3FFA24A04D2C00AAEF0D /* LaunchScreen.storyboard */,
				4C9A3FFD24A04D2C00AAEF0D /* Info.plist */,
				4CB5A01924A1FC460052E80A /* RSS.xcdatamodeld */,
				4C9A3FF724A04D2C00AAEF0D /* Preview Content */,
			);
			path = rss;
			sourceTree = "<group>";
		};
		4C9A3FF724A04D2C00AAEF0D /* Preview Content */ = {
			isa = PBXGroup;
			children = (
				4C9A3FF824A04D2C00AAEF0D /* Preview Assets.xcassets */,
			);
			path = "Preview Content";
			sourceTree = "<group>";
		};
		4C9A400324A04DD100AAEF0D /* Views */ = {
			isa = PBXGroup;
			children = (
				4C0CF57B24C578AD00E0B4E6 /* Setting */,
				4C812FFA24C0BB8300CDD840 /* Archive */,
				4C812FF924C0BB8300CDD840 /* RSS */,
				4C812FFB24C0BB8300CDD840 /* RSSFeed */,
				4C9A3FF324A04D2A00AAEF0D /* HomeView.swift */,
			);
			path = Views;
			sourceTree = "<group>";
		};
		4C9A400624A0501B00AAEF0D /* CommonViews */ = {
			isa = PBXGroup;
			children = (
				4C0CF5B724C6A21A00E0B4E6 /* WKWebViewWrapper.swift */,
				4C9A400724A0503400AAEF0D /* TextFieldView.swift */,
				4C488D6F24BEA58300406700 /* ActionContextMenu.swift */,
				4CB5A02A24A26DE10052E80A /* SafariView.swift */,
				4C0CF5C024C6F60600E0B4E6 /* SectionView.swift */,
				4C46675724D00F1D007DFD2C /* ProgressBar.swift */,
				4C435B5824E124CE00D16ED7 /* LinerProgressBar.swift */,
				4C435B4C24DC524600D16ED7 /* DocumentPicker.swift */,
				4C435B4E24E0E22D00D16ED7 /* RoundRectangeButton.swift */,
				4C435B5A24E1B71F00D16ED7 /* TextView.swift */,
			);
			path = CommonViews;
			sourceTree = "<group>";
		};
		4C9A413E24A05CA800AAEF0D /* Frameworks */ = {
			isa = PBXGroup;
			children = (
			);
			name = Frameworks;
			sourceTree = "<group>";
		};
		4CA04AC224B9D89F00521D0C /* DataSources */ = {
			isa = PBXGroup;
			children = (
				4CA04AC524B9D8E300521D0C /* DataSource.swift */,
				4CA04AC324B9D8C300521D0C /* RSSItemDataSource.swift */,
				4CA04ACA24B9DD7600521D0C /* RSSDataSource.swift */,
			);
			path = DataSources;
			sourceTree = "<group>";
		};
		4CA04AC724B9DBA000521D0C /* Extension */ = {
			isa = PBXGroup;
			children = (
				4CC6A6E224F6404200C88809 /* Dates */,
				4CA04AC824B9DBC000521D0C /* ManagedObjectContext.swift */,
				4CB18E4224A3578400F78F34 /* String+Ext.swift */,
				4CB18E4424A3591100F78F34 /* Date+Ext.swift */,
				4C435B5624E11FC900D16ED7 /* Color+Ext.swift */,
				4C872FD524A9F1B000934910 /* RSSError.swift */,
			);
			path = Extension;
			sourceTree = "<group>";
		};
		4CB5A00524A1E96A0052E80A /* Persistence */ = {
			isa = PBXGroup;
			children = (
				4CB5A00624A1E98D0052E80A /* PersistenceManager.swift */,
				4CB5A00824A1E9C50052E80A /* RSSStore.swift */,
				4C872FD724A9F72200934910 /* RSSItemStore.swift */,
			);
			path = Persistence;
			sourceTree = "<group>";
		};
		4CB5A00A24A1E9F50052E80A /* Models */ = {
			isa = PBXGroup;
			children = (
				4C61EC7824C0C54E009674FC /* RSSItem+CoreDataClass.swift */,
				4C872FE024AA1C5100934910 /* RSSItem+CoreDataProperties.swift */,
				4CB5A02124A1FD4E0052E80A /* RSS+CoreDataClass.swift */,
				4CB5A02224A1FD4E0052E80A /* RSS+CoreDataProperties.swift */,
				4C872FCD24A87AAB00934910 /* ModelHelper.swift */,
			);
			path = Models;
			sourceTree = "<group>";
		};
		4CC6A6D424F6180E00C88809 /* Support Files */ = {
			isa = PBXGroup;
			children = (
				4CC6A6D524F6183200C88809 /* Subscriptions-test.opml */,
				4CC6A6EF24F643A900C88809 /* Subscriptions-test2.opml */,
			);
			name = "Support Files";
			sourceTree = "<group>";
		};
		4CC6A6E224F6404200C88809 /* Dates */ = {
			isa = PBXGroup;
			children = (
				4CC6A6E324F6404200C88809 /* DateSpec.swift */,
				4CC6A6E424F6404200C88809 /* RFC3339DateFormatter.swift */,
				4CC6A6E524F6404200C88809 /* RFC822DateFormatter.swift */,
				4CC6A6E624F6404200C88809 /* ISO8601DateFormatter.swift */,
			);
			path = Dates;
			sourceTree = "<group>";
		};
/* End PBXGroup section */

/* Begin PBXNativeTarget section */
		4C435B3024DC148D00D16ED7 /* rssTests */ = {
			isa = PBXNativeTarget;
			buildConfigurationList = 4C435B3824DC148D00D16ED7 /* Build configuration list for PBXNativeTarget "rssTests" */;
			buildPhases = (
				4C435B2D24DC148D00D16ED7 /* Sources */,
				4C435B2E24DC148D00D16ED7 /* Frameworks */,
				4C435B2F24DC148D00D16ED7 /* Resources */,
			);
			buildRules = (
			);
			dependencies = (
				4C435B3724DC148D00D16ED7 /* PBXTargetDependency */,
			);
			name = rssTests;
			productName = rssTests;
			productReference = 4C435B3124DC148D00D16ED7 /* rssTests.xctest */;
			productType = "com.apple.product-type.bundle.unit-test";
		};
		4C9A3FE824A04D2A00AAEF0D /* rss */ = {
			isa = PBXNativeTarget;
			buildConfigurationList = 4C9A400024A04D2C00AAEF0D /* Build configuration list for PBXNativeTarget "rss" */;
			buildPhases = (
				4C9A3FE524A04D2A00AAEF0D /* Sources */,
				4C9A3FE624A04D2A00AAEF0D /* Frameworks */,
				4C9A3FE724A04D2A00AAEF0D /* Resources */,
			);
			buildRules = (
			);
			dependencies = (
			);
			name = rss;
			packageProductDependencies = (
				4CB5A00124A1E4CB0052E80A /* FeedKit */,
			);
			productName = rss;
			productReference = 4C9A3FE924A04D2A00AAEF0D /* rss.app */;
			productType = "com.apple.product-type.application";
		};
/* End PBXNativeTarget section */

/* Begin PBXProject section */
		4C9A3FE124A04D2A00AAEF0D /* Project object */ = {
			isa = PBXProject;
			attributes = {
				LastSwiftUpdateCheck = 1150;
				LastUpgradeCheck = 1150;
				ORGANIZATIONNAME = acumen;
				TargetAttributes = {
					4C435B3024DC148D00D16ED7 = {
						CreatedOnToolsVersion = 11.5;
						TestTargetID = 4C9A3FE824A04D2A00AAEF0D;
					};
					4C9A3FE824A04D2A00AAEF0D = {
						CreatedOnToolsVersion = 11.5;
					};
				};
			};
			buildConfigurationList = 4C9A3FE424A04D2A00AAEF0D /* Build configuration list for PBXProject "rss" */;
			compatibilityVersion = "Xcode 9.3";
			developmentRegion = en;
			hasScannedForEncodings = 0;
			knownRegions = (
				en,
				Base,
			);
			mainGroup = 4C9A3FE024A04D2A00AAEF0D;
			packageReferences = (
				4CB5A00024A1E4CB0052E80A /* XCRemoteSwiftPackageReference "FeedKit" */,
			);
			productRefGroup = 4C9A3FEA24A04D2A00AAEF0D /* Products */;
			projectDirPath = "";
			projectRoot = "";
			targets = (
				4C9A3FE824A04D2A00AAEF0D /* rss */,
				4C435B3024DC148D00D16ED7 /* rssTests */,
			);
		};
/* End PBXProject section */

/* Begin PBXResourcesBuildPhase section */
		4C435B2F24DC148D00D16ED7 /* Resources */ = {
			isa = PBXResourcesBuildPhase;
			buildActionMask = 2147483647;
			files = (
				4CC6A6D624F6183200C88809 /* Subscriptions-test.opml in Resources */,
				4CC6A6F024F643A900C88809 /* Subscriptions-test2.opml in Resources */,
			);
			runOnlyForDeploymentPostprocessing = 0;
		};
		4C9A3FE724A04D2A00AAEF0D /* Resources */ = {
			isa = PBXResourcesBuildPhase;
			buildActionMask = 2147483647;
			files = (
				4C9A3FFC24A04D2C00AAEF0D /* LaunchScreen.storyboard in Resources */,
				4C9A3FF924A04D2C00AAEF0D /* Preview Assets.xcassets in Resources */,
				4C9A3FF624A04D2C00AAEF0D /* Assets.xcassets in Resources */,
			);
			runOnlyForDeploymentPostprocessing = 0;
		};
/* End PBXResourcesBuildPhase section */

/* Begin PBXSourcesBuildPhase section */
		4C435B2D24DC148D00D16ED7 /* Sources */ = {
			isa = PBXSourcesBuildPhase;
			buildActionMask = 2147483647;
			files = (
				4CC6A6EE24F6406D00C88809 /* DateSpec.swift in Sources */,
				4CC6A6EB24F6406600C88809 /* RFC3339DateFormatter.swift in Sources */,
				4CC6A6EC24F6406600C88809 /* RFC822DateFormatter.swift in Sources */,
				4CC6A6ED24F6406600C88809 /* ISO8601DateFormatter.swift in Sources */,
				4CC6A6D824F631BD00C88809 /* OPMLParser.swift in Sources */,
				4CC6A6D724F61A5D00C88809 /* Request.swift in Sources */,
				4C435B4A24DC1E2A00D16ED7 /* String+Ext.swift in Sources */,
				4C435B4B24DC1E2A00D16ED7 /* Date+Ext.swift in Sources */,
				4C435B4824DC1E0900D16ED7 /* ManagedObjectContext.swift in Sources */,
				4C435B4924DC1E0900D16ED7 /* RSSError.swift in Sources */,
				4C435B4324DC1DE700D16ED7 /* RSSItem+CoreDataClass.swift in Sources */,
				4C435B4424DC1DE700D16ED7 /* RSSItem+CoreDataProperties.swift in Sources */,
				4C435B4524DC1DE700D16ED7 /* RSS+CoreDataClass.swift in Sources */,
				4C435B4624DC1DE700D16ED7 /* RSS+CoreDataProperties.swift in Sources */,
				4CC6A6D324F617CA00C88809 /* OPMLParserTests.swift in Sources */,
				4C435B4724DC1DE700D16ED7 /* ModelHelper.swift in Sources */,
				4C435B4224DC194500D16ED7 /* PersistenceManager.swift in Sources */,
				4C435B4124DC189A00D16ED7 /* DataSourceService.swift in Sources */,
				4C435B3D24DC151400D16ED7 /* DataSource.swift in Sources */,
				4C435B3E24DC151400D16ED7 /* RSSItemDataSource.swift in Sources */,
				4C435B3F24DC151400D16ED7 /* RSSDataSource.swift in Sources */,
				4C435B4024DC151400D16ED7 /* BatchImportViewModel.swift in Sources */,
				4C435B3C24DC14B400D16ED7 /* BatchImportViewModelTests.swift in Sources */,
				4C435B3424DC148D00D16ED7 /* rssTests.swift in Sources */,
			);
			runOnlyForDeploymentPostprocessing = 0;
		};
		4C9A3FE524A04D2A00AAEF0D /* Sources */ = {
			isa = PBXSourcesBuildPhase;
			buildActionMask = 2147483647;
			files = (
				4CB18E4324A3578400F78F34 /* String+Ext.swift in Sources */,
				4C488D7224BEA8F100406700 /* ArchiveListView.swift in Sources */,
				4C0CF5C124C6F60600E0B4E6 /* SectionView.swift in Sources */,
				4C812FF124BF119200CDD840 /* AddRSSViewModel.swift in Sources */,
				4CB5A02924A268DF0052E80A /* RSSFeedListView.swift in Sources */,
				4C0CF5B024C6924800E0B4E6 /* SettingView.swift in Sources */,
				4C0CF5B624C69F9C00E0B4E6 /* AppEnvironment.swift in Sources */,
				4C435B5124E0E7B500D16ED7 /* DataNStorageView.swift in Sources */,
				4C61EC7924C0C54E009674FC /* RSSItem+CoreDataClass.swift in Sources */,
				4C435B5524E0F71A00D16ED7 /* DataNStorageViewModel.swift in Sources */,
				4CB5A02024A1FCFA0052E80A /* RSS.xcdatamodeld in Sources */,
				4C9A3FED24A04D2A00AAEF0D /* AppDelegate.swift in Sources */,
				4CC6A6E824F6404300C88809 /* RFC3339DateFormatter.swift in Sources */,
				4C872FD824A9F72200934910 /* RSSItemStore.swift in Sources */,
				4CA04AC424B9D8C300521D0C /* RSSItemDataSource.swift in Sources */,
				4CC6A6D124F614C900C88809 /* OPMLParser.swift in Sources */,
				4CB5A02B24A26DE10052E80A /* SafariView.swift in Sources */,
				4C488D7424BEAAD200406700 /* ArchiveListViewModel.swift in Sources */,
				4CB18E4024A3485B00F78F34 /* RSSFeedRow.swift in Sources */,
				4C488D6424BCB81F00406700 /* ImageServices.swift in Sources */,
				4CB5A02424A1FD4E0052E80A /* RSS+CoreDataProperties.swift in Sources */,
				4CB18E4524A3591100F78F34 /* Date+Ext.swift in Sources */,
				4C46675824D00F1D007DFD2C /* ProgressBar.swift in Sources */,
				4CC6A6E724F6404300C88809 /* DateSpec.swift in Sources */,
				4CA04AD324BAED0300521D0C /* RSSFeedViewModel.swift in Sources */,
				4CA04ACB24B9DD7600521D0C /* RSSDataSource.swift in Sources */,
				4CB5A00924A1E9C50052E80A /* RSSStore.swift in Sources */,
				4CA04AC624B9D8E300521D0C /* DataSource.swift in Sources */,
				4C435B5924E124CE00D16ED7 /* LinerProgressBar.swift in Sources */,
				4C872FCE24A87AAB00934910 /* ModelHelper.swift in Sources */,
				4C872FD024A9E48400934910 /* Request.swift in Sources */,
				4CA04AC924B9DBC000521D0C /* ManagedObjectContext.swift in Sources */,
				4C872FE224AA1C5100934910 /* RSSItem+CoreDataProperties.swift in Sources */,
				4C9A400824A0503400AAEF0D /* TextFieldView.swift in Sources */,
				4C435B4D24DC524700D16ED7 /* DocumentPicker.swift in Sources */,
				4CB5A00724A1E98D0052E80A /* PersistenceManager.swift in Sources */,
				4C0CF5BA24C6BB7A00E0B4E6 /* WebView.swift in Sources */,
				4C488D7024BEA58300406700 /* ActionContextMenu.swift in Sources */,
				4C812FF524BF1D9B00CDD840 /* DataSourceService.swift in Sources */,
				4C9A414224A1B5A300AAEF0D /* RSSListView.swift in Sources */,
				4C435B4F24E0E22D00D16ED7 /* RoundRectangeButton.swift in Sources */,
				4C0CF5B824C6A21A00E0B4E6 /* WKWebViewWrapper.swift in Sources */,
				4CC6A6E924F6404300C88809 /* RFC822DateFormatter.swift in Sources */,
				4C435B5724E11FC900D16ED7 /* Color+Ext.swift in Sources */,
				4C435B5B24E1B71F00D16ED7 /* TextView.swift in Sources */,
				4C9A3FF424A04D2A00AAEF0D /* HomeView.swift in Sources */,
				4C0CF5BF24C6EEC000E0B4E6 /* UserDefaultWrapper.swift in Sources */,
				4CC6A6EA24F6404300C88809 /* ISO8601DateFormatter.swift in Sources */,
				4C435B2C24DC076500D16ED7 /* BatchImportViewModel.swift in Sources */,
				4C435B2324DA887E00D16ED7 /* BatchImportView.swift in Sources */,
				4C872FD624A9F1B000934910 /* RSSError.swift in Sources */,
				4C9A3FEF24A04D2A00AAEF0D /* SceneDelegate.swift in Sources */,
				4C435B5324E0E8DC00D16ED7 /* DataUnitView.swift in Sources */,
				4CB5A02324A1FD4E0052E80A /* RSS+CoreDataClass.swift in Sources */,
				4C9A400524A04FE300AAEF0D /* AddRSSView.swift in Sources */,
				4CA04A7F24ADED0F00521D0C /* RSSDisplayView.swift in Sources */,
				4CB5A01024A1EE0B0052E80A /* RSSRow.swift in Sources */,
				4CE833F524C2DBAB00A911F1 /* RSSListViewModel.swift in Sources */,
			);
			runOnlyForDeploymentPostprocessing = 0;
		};
/* End PBXSourcesBuildPhase section */

/* Begin PBXTargetDependency section */
		4C435B3724DC148D00D16ED7 /* PBXTargetDependency */ = {
			isa = PBXTargetDependency;
			target = 4C9A3FE824A04D2A00AAEF0D /* rss */;
			targetProxy = 4C435B3624DC148D00D16ED7 /* PBXContainerItemProxy */;
		};
/* End PBXTargetDependency section */

/* Begin PBXVariantGroup section */
		4C9A3FFA24A04D2C00AAEF0D /* LaunchScreen.storyboard */ = {
			isa = PBXVariantGroup;
			children = (
				4C9A3FFB24A04D2C00AAEF0D /* Base */,
			);
			name = LaunchScreen.storyboard;
			sourceTree = "<group>";
		};
/* End PBXVariantGroup section */

/* Begin XCBuildConfiguration section */
		4C435B3924DC148D00D16ED7 /* Debug */ = {
			isa = XCBuildConfiguration;
			buildSettings = {
				BUNDLE_LOADER = "$(TEST_HOST)";
				CODE_SIGN_STYLE = Automatic;
				DEVELOPMENT_TEAM = CDAT27Y9CY;
				INFOPLIST_FILE = rssTests/Info.plist;
				IPHONEOS_DEPLOYMENT_TARGET = 13.5;
				LD_RUNPATH_SEARCH_PATHS = (
					"$(inherited)",
					"@executable_path/Frameworks",
					"@loader_path/Frameworks",
				);
				PRODUCT_BUNDLE_IDENTIFIER = com.acumen.rssTests;
				PRODUCT_NAME = "$(TARGET_NAME)";
				SWIFT_VERSION = 5.0;
				TARGETED_DEVICE_FAMILY = "1,2";
				TEST_HOST = "$(BUILT_PRODUCTS_DIR)/rss.app/rss";
			};
			name = Debug;
		};
		4C435B3A24DC148D00D16ED7 /* Release */ = {
			isa = XCBuildConfiguration;
			buildSettings = {
				BUNDLE_LOADER = "$(TEST_HOST)";
				CODE_SIGN_STYLE = Automatic;
				DEVELOPMENT_TEAM = CDAT27Y9CY;
				INFOPLIST_FILE = rssTests/Info.plist;
				IPHONEOS_DEPLOYMENT_TARGET = 13.5;
				LD_RUNPATH_SEARCH_PATHS = (
					"$(inherited)",
					"@executable_path/Frameworks",
					"@loader_path/Frameworks",
				);
				PRODUCT_BUNDLE_IDENTIFIER = com.acumen.rssTests;
				PRODUCT_NAME = "$(TARGET_NAME)";
				SWIFT_VERSION = 5.0;
				TARGETED_DEVICE_FAMILY = "1,2";
				TEST_HOST = "$(BUILT_PRODUCTS_DIR)/rss.app/rss";
			};
			name = Release;
		};
		4C9A3FFE24A04D2C00AAEF0D /* Debug */ = {
			isa = XCBuildConfiguration;
			buildSettings = {
				ALWAYS_SEARCH_USER_PATHS = NO;
				CLANG_ANALYZER_NONNULL = YES;
				CLANG_ANALYZER_NUMBER_OBJECT_CONVERSION = YES_AGGRESSIVE;
				CLANG_CXX_LANGUAGE_STANDARD = "gnu++14";
				CLANG_CXX_LIBRARY = "libc++";
				CLANG_ENABLE_MODULES = YES;
				CLANG_ENABLE_OBJC_ARC = YES;
				CLANG_ENABLE_OBJC_WEAK = YES;
				CLANG_WARN_BLOCK_CAPTURE_AUTORELEASING = YES;
				CLANG_WARN_BOOL_CONVERSION = YES;
				CLANG_WARN_COMMA = YES;
				CLANG_WARN_CONSTANT_CONVERSION = YES;
				CLANG_WARN_DEPRECATED_OBJC_IMPLEMENTATIONS = YES;
				CLANG_WARN_DIRECT_OBJC_ISA_USAGE = YES_ERROR;
				CLANG_WARN_DOCUMENTATION_COMMENTS = YES;
				CLANG_WARN_EMPTY_BODY = YES;
				CLANG_WARN_ENUM_CONVERSION = YES;
				CLANG_WARN_INFINITE_RECURSION = YES;
				CLANG_WARN_INT_CONVERSION = YES;
				CLANG_WARN_NON_LITERAL_NULL_CONVERSION = YES;
				CLANG_WARN_OBJC_IMPLICIT_RETAIN_SELF = YES;
				CLANG_WARN_OBJC_LITERAL_CONVERSION = YES;
				CLANG_WARN_OBJC_ROOT_CLASS = YES_ERROR;
				CLANG_WARN_RANGE_LOOP_ANALYSIS = YES;
				CLANG_WARN_STRICT_PROTOTYPES = YES;
				CLANG_WARN_SUSPICIOUS_MOVE = YES;
				CLANG_WARN_UNGUARDED_AVAILABILITY = YES_AGGRESSIVE;
				CLANG_WARN_UNREACHABLE_CODE = YES;
				CLANG_WARN__DUPLICATE_METHOD_MATCH = YES;
				COPY_PHASE_STRIP = NO;
				DEBUG_INFORMATION_FORMAT = dwarf;
				ENABLE_STRICT_OBJC_MSGSEND = YES;
				ENABLE_TESTABILITY = YES;
				GCC_C_LANGUAGE_STANDARD = gnu11;
				GCC_DYNAMIC_NO_PIC = NO;
				GCC_NO_COMMON_BLOCKS = YES;
				GCC_OPTIMIZATION_LEVEL = 0;
				GCC_PREPROCESSOR_DEFINITIONS = (
					"DEBUG=1",
					"$(inherited)",
				);
				GCC_WARN_64_TO_32_BIT_CONVERSION = YES;
				GCC_WARN_ABOUT_RETURN_TYPE = YES_ERROR;
				GCC_WARN_UNDECLARED_SELECTOR = YES;
				GCC_WARN_UNINITIALIZED_AUTOS = YES_AGGRESSIVE;
				GCC_WARN_UNUSED_FUNCTION = YES;
				GCC_WARN_UNUSED_VARIABLE = YES;
				IPHONEOS_DEPLOYMENT_TARGET = 13.0;
				MTL_ENABLE_DEBUG_INFO = INCLUDE_SOURCE;
				MTL_FAST_MATH = YES;
				ONLY_ACTIVE_ARCH = YES;
				SDKROOT = iphoneos;
				SWIFT_ACTIVE_COMPILATION_CONDITIONS = DEBUG;
				SWIFT_OPTIMIZATION_LEVEL = "-Onone";
			};
			name = Debug;
		};
		4C9A3FFF24A04D2C00AAEF0D /* Release */ = {
			isa = XCBuildConfiguration;
			buildSettings = {
				ALWAYS_SEARCH_USER_PATHS = NO;
				CLANG_ANALYZER_NONNULL = YES;
				CLANG_ANALYZER_NUMBER_OBJECT_CONVERSION = YES_AGGRESSIVE;
				CLANG_CXX_LANGUAGE_STANDARD = "gnu++14";
				CLANG_CXX_LIBRARY = "libc++";
				CLANG_ENABLE_MODULES = YES;
				CLANG_ENABLE_OBJC_ARC = YES;
				CLANG_ENABLE_OBJC_WEAK = YES;
				CLANG_WARN_BLOCK_CAPTURE_AUTORELEASING = YES;
				CLANG_WARN_BOOL_CONVERSION = YES;
				CLANG_WARN_COMMA = YES;
				CLANG_WARN_CONSTANT_CONVERSION = YES;
				CLANG_WARN_DEPRECATED_OBJC_IMPLEMENTATIONS = YES;
				CLANG_WARN_DIRECT_OBJC_ISA_USAGE = YES_ERROR;
				CLANG_WARN_DOCUMENTATION_COMMENTS = YES;
				CLANG_WARN_EMPTY_BODY = YES;
				CLANG_WARN_ENUM_CONVERSION = YES;
				CLANG_WARN_INFINITE_RECURSION = YES;
				CLANG_WARN_INT_CONVERSION = YES;
				CLANG_WARN_NON_LITERAL_NULL_CONVERSION = YES;
				CLANG_WARN_OBJC_IMPLICIT_RETAIN_SELF = YES;
				CLANG_WARN_OBJC_LITERAL_CONVERSION = YES;
				CLANG_WARN_OBJC_ROOT_CLASS = YES_ERROR;
				CLANG_WARN_RANGE_LOOP_ANALYSIS = YES;
				CLANG_WARN_STRICT_PROTOTYPES = YES;
				CLANG_WARN_SUSPICIOUS_MOVE = YES;
				CLANG_WARN_UNGUARDED_AVAILABILITY = YES_AGGRESSIVE;
				CLANG_WARN_UNREACHABLE_CODE = YES;
				CLANG_WARN__DUPLICATE_METHOD_MATCH = YES;
				COPY_PHASE_STRIP = NO;
				DEBUG_INFORMATION_FORMAT = "dwarf-with-dsym";
				ENABLE_NS_ASSERTIONS = NO;
				ENABLE_STRICT_OBJC_MSGSEND = YES;
				GCC_C_LANGUAGE_STANDARD = gnu11;
				GCC_NO_COMMON_BLOCKS = YES;
				GCC_WARN_64_TO_32_BIT_CONVERSION = YES;
				GCC_WARN_ABOUT_RETURN_TYPE = YES_ERROR;
				GCC_WARN_UNDECLARED_SELECTOR = YES;
				GCC_WARN_UNINITIALIZED_AUTOS = YES_AGGRESSIVE;
				GCC_WARN_UNUSED_FUNCTION = YES;
				GCC_WARN_UNUSED_VARIABLE = YES;
				IPHONEOS_DEPLOYMENT_TARGET = 13.0;
				MTL_ENABLE_DEBUG_INFO = NO;
				MTL_FAST_MATH = YES;
				SDKROOT = iphoneos;
				SWIFT_COMPILATION_MODE = wholemodule;
				SWIFT_OPTIMIZATION_LEVEL = "-O";
				VALIDATE_PRODUCT = YES;
			};
			name = Release;
		};
		4C9A400124A04D2C00AAEF0D /* Debug */ = {
			isa = XCBuildConfiguration;
			buildSettings = {
				ASSETCATALOG_COMPILER_APPICON_NAME = AppIcon;
				CODE_SIGN_ENTITLEMENTS = rss/rss.entitlements;
				CODE_SIGN_STYLE = Automatic;
				CURRENT_PROJECT_VERSION = 17;
				DEVELOPMENT_ASSET_PATHS = "\"rss/Preview Content\"";
				DEVELOPMENT_TEAM = CDAT27Y9CY;
				ENABLE_PREVIEWS = YES;
				INFOPLIST_FILE = rss/Info.plist;
				IPHONEOS_DEPLOYMENT_TARGET = 13.0;
				LD_RUNPATH_SEARCH_PATHS = (
					"$(inherited)",
					"@executable_path/Frameworks",
				);
				MARKETING_VERSION = 1.0;
				PRODUCT_BUNDLE_IDENTIFIER = com.acumen.rss;
				PRODUCT_NAME = "$(TARGET_NAME)";
				SUPPORTS_MACCATALYST = YES;
				SWIFT_VERSION = 5.0;
				TARGETED_DEVICE_FAMILY = "1,2";
			};
			name = Debug;
		};
		4C9A400224A04D2C00AAEF0D /* Release */ = {
			isa = XCBuildConfiguration;
			buildSettings = {
				ASSETCATALOG_COMPILER_APPICON_NAME = AppIcon;
				CODE_SIGN_ENTITLEMENTS = rss/rss.entitlements;
				CODE_SIGN_IDENTITY = "Apple Development";
				CODE_SIGN_STYLE = Automatic;
				CURRENT_PROJECT_VERSION = 17;
				DEVELOPMENT_ASSET_PATHS = "\"rss/Preview Content\"";
				DEVELOPMENT_TEAM = CDAT27Y9CY;
				ENABLE_PREVIEWS = YES;
				INFOPLIST_FILE = rss/Info.plist;
				IPHONEOS_DEPLOYMENT_TARGET = 13.0;
				LD_RUNPATH_SEARCH_PATHS = (
					"$(inherited)",
					"@executable_path/Frameworks",
				);
				MARKETING_VERSION = 1.0;
				PRODUCT_BUNDLE_IDENTIFIER = com.acumen.rss;
				PRODUCT_NAME = "$(TARGET_NAME)";
				PROVISIONING_PROFILE_SPECIFIER = "";
				SUPPORTS_MACCATALYST = YES;
				SWIFT_VERSION = 5.0;
				TARGETED_DEVICE_FAMILY = "1,2";
			};
			name = Release;
		};
/* End XCBuildConfiguration section */

/* Begin XCConfigurationList section */
		4C435B3824DC148D00D16ED7 /* Build configuration list for PBXNativeTarget "rssTests" */ = {
			isa = XCConfigurationList;
			buildConfigurations = (
				4C435B3924DC148D00D16ED7 /* Debug */,
				4C435B3A24DC148D00D16ED7 /* Release */,
			);
			defaultConfigurationIsVisible = 0;
			defaultConfigurationName = Release;
		};
		4C9A3FE424A04D2A00AAEF0D /* Build configuration list for PBXProject "rss" */ = {
			isa = XCConfigurationList;
			buildConfigurations = (
				4C9A3FFE24A04D2C00AAEF0D /* Debug */,
				4C9A3FFF24A04D2C00AAEF0D /* Release */,
			);
			defaultConfigurationIsVisible = 0;
			defaultConfigurationName = Release;
		};
		4C9A400024A04D2C00AAEF0D /* Build configuration list for PBXNativeTarget "rss" */ = {
			isa = XCConfigurationList;
			buildConfigurations = (
				4C9A400124A04D2C00AAEF0D /* Debug */,
				4C9A400224A04D2C00AAEF0D /* Release */,
			);
			defaultConfigurationIsVisible = 0;
			defaultConfigurationName = Release;
		};
/* End XCConfigurationList section */

/* Begin XCRemoteSwiftPackageReference section */
		4CB5A00024A1E4CB0052E80A /* XCRemoteSwiftPackageReference "FeedKit" */ = {
			isa = XCRemoteSwiftPackageReference;
			repositoryURL = "git@github.com:nmdias/FeedKit.git";
			requirement = {
				kind = upToNextMajorVersion;
				minimumVersion = 9.1.2;
			};
		};
/* End XCRemoteSwiftPackageReference section */

/* Begin XCSwiftPackageProductDependency section */
		4CB5A00124A1E4CB0052E80A /* FeedKit */ = {
			isa = XCSwiftPackageProductDependency;
			package = 4CB5A00024A1E4CB0052E80A /* XCRemoteSwiftPackageReference "FeedKit" */;
			productName = FeedKit;
		};
/* End XCSwiftPackageProductDependency section */

/* Begin XCVersionGroup section */
		4CB5A01924A1FC460052E80A /* RSS.xcdatamodeld */ = {
			isa = XCVersionGroup;
			children = (
				4CB5A01A24A1FC460052E80A /* RSS.xcdatamodel */,
			);
			currentVersion = 4CB5A01A24A1FC460052E80A /* RSS.xcdatamodel */;
			name = RSS.xcdatamodeld;
			path = ../RSS.xcdatamodeld;
			sourceTree = "<group>";
			versionGroupType = wrapper.xcdatamodel;
		};
/* End XCVersionGroup section */
	};
	rootObject = 4C9A3FE124A04D2A00AAEF0D /* Project object */;
}
